
Microsoft Visual Studio Solution File, Format Version 12.00
# Visual Studio Version 17
VisualStudioVersion = 17.9.34622.214
MinimumVisualStudioVersion = 10.0.40219.1
Project("{FAE04EC0-301F-11D3-BF4B-00C04F79EFBC}") = "task01", "task01\task01.csproj", "{F63F1836-4601-44A1-8F98-03A5951D69E9}"
EndProject
Project("{FAE04EC0-301F-11D3-BF4B-00C04F79EFBC}") = "task02", "task02\task02.csproj", "{77725003-E64B-4AA2-99EF-90022BDCC5BE}"
EndProject
Project("{FAE04EC0-301F-11D3-BF4B-00C04F79EFBC}") = "task03", "task03\task03.csproj", "{4AEF2F90-299F-4C8B-96B5-7D03F79E2FD0}"
EndProject
Global
	GlobalSection(SolutionConfigurationPlatforms) = preSolution
		Debug|Any CPU = Debug|Any CPU
		Release|Any CPU = Release|Any CPU
	EndGlobalSection
	GlobalSection(ProjectConfigurationPlatforms) = postSolution
		{F63F1836-4601-44A1-8F98-03A5951D69E9}.Debug|Any CPU.ActiveCfg = Debug|Any CPU
		{F63F1836-4601-44A1-8F98-03A5951D69E9}.Debug|Any CPU.Build.0 = Debug|Any CPU
		{F63F1836-4601-44A1-8F98-03A5951D69E9}.Release|Any CPU.ActiveCfg = Release|Any CPU
		{F63F1836-4601-44A1-8F98-03A5951D69E9}.Release|Any CPU.Build.0 = Release|Any CPU
		{77725003-E64B-4AA2-99EF-90022BDCC5BE}.Debug|Any CPU.ActiveCfg = Debug|Any CPU
		{77725003-E64B-4AA2-99EF-90022BDCC5BE}.Debug|Any CPU.Build.0 = Debug|Any CPU
		{77725003-E64B-4AA2-99EF-90022BDCC5BE}.Release|Any CPU.ActiveCfg = Release|Any CPU
		{77725003-E64B-4AA2-99EF-90022BDCC5BE}.Release|Any CPU.Build.0 = Release|Any CPU
		{4AEF2F90-299F-4C8B-96B5-7D03F79E2FD0}.Debug|Any CPU.ActiveCfg = Debug|Any CPU
		{4AEF2F90-299F-4C8B-96B5-7D03F79E2FD0}.Debug|Any CPU.Build.0 = Debug|Any CPU
		{4AEF2F90-299F-4C8B-96B5-7D03F79E2FD0}.Release|Any CPU.ActiveCfg = Release|Any CPU
		{4AEF2F90-299F-4C8B-96B5-7D03F79E2FD0}.Release|Any CPU.Build.0 = Release|Any CPU
	EndGlobalSection
	GlobalSection(SolutionProperties) = preSolution
		HideSolutionNode = FALSE
	EndGlobalSection
	GlobalSection(ExtensibilityGlobals) = postSolution
		SolutionGuid = {B4B566AB-0177-422D-82BA-68ECED54C2A3}
	EndGlobalSection
EndGlobal
